{
  "nodes": {
    "flake-utils": {
      "locked": {
        "lastModified": 1656928814,
        "narHash": "sha256-RIFfgBuKz6Hp89yRr7+NR5tzIAbn52h8vT6vXkYjZoM=",
        "owner": "numtide",
        "repo": "flake-utils",
        "rev": "7e2a3b3dfd9af950a856d66b0a7d01e3c18aa249",
        "type": "github"
      },
      "original": {
        "owner": "numtide",
        "repo": "flake-utils",
        "type": "github"
      }
    },
    "nixpkgs": {
      "locked": {
        "lastModified": 1653087707,
        "narHash": "sha256-zfno3snrzZTWQ2B7K53QHrGZwrjnJLTRPalymrSsziU=",
        "owner": "NixOS",
        "repo": "nixpkgs",
        "rev": "cbd40c72b2603ab54e7208f99f9b35fc158bc009",
        "type": "github"
      },
      "original": {
        "owner": "NixOS",
        "ref": "nixos-21.11",
        "repo": "nixpkgs",
        "type": "github"
      }
    },
    "root": {
      "inputs": {
        "flake-utils": "flake-utils",
        "nixpkgs": "nixpkgs"
      }
    }
  },
  "root": "root",
  "version": 7
}
