{
  "nodes": {
    "nixpkgs": {
      "locked": {
        "lastModified": 1653087707,
        "narHash": "sha256-zfno3snrzZTWQ2B7K53QHrGZwrjnJLTRPalymrSsziU=",
        "owner": "NixOS",
        "repo": "nixpkgs",
        "rev": "cbd40c72b2603ab54e7208f99f9b35fc158bc009",
        "type": "github"
      },
      "original": {
        "owner": "NixOS",
        "ref": "nixos-21.11",
        "repo": "nixpkgs",
        "type": "github"
      }
    },
    "root": {
      "inputs": {
        "nixpkgs": "nixpkgs"
      }
    }
  },
  "root": "root",
  "version": 7
}
